
Microsoft Visual Studio Solution File, Format Version 12.00
# Visual Studio Version 16
VisualStudioVersion = 16.0.29609.76
MinimumVisualStudioVersion = 10.0.40219.1
Project("{FAE04EC0-301F-11D3-BF4B-00C04F79EFBC}") = "CSharpInterViewQuestion", "CSharpInterViewQuestion\CSharpInterViewQuestion.csproj", "{4461B7BE-0686-4DFA-97CC-BCC58730938A}"
EndProject
Global
	GlobalSection(SolutionConfigurationPlatforms) = preSolution
		Debug|Any CPU = Debug|Any CPU
		Release|Any CPU = Release|Any CPU
	EndGlobalSection
	GlobalSection(ProjectConfigurationPlatforms) = postSolution
		{4461B7BE-0686-4DFA-97CC-BCC58730938A}.Debug|Any CPU.ActiveCfg = Debug|Any CPU
		{4461B7BE-0686-4DFA-97CC-BCC58730938A}.Debug|Any CPU.Build.0 = Debug|Any CPU
		{4461B7BE-0686-4DFA-97CC-BCC58730938A}.Release|Any CPU.ActiveCfg = Release|Any CPU
		{4461B7BE-0686-4DFA-97CC-BCC58730938A}.Release|Any CPU.Build.0 = Release|Any CPU
	EndGlobalSection
	GlobalSection(SolutionProperties) = preSolution
		HideSolutionNode = FALSE
	EndGlobalSection
	GlobalSection(ExtensibilityGlobals) = postSolution
		SolutionGuid = {06074944-4D2D-4545-96AC-775E4E529B9D}
	EndGlobalSection
EndGlobal
